
Microsoft Visual Studio Solution File, Format Version 12.00
# Visual Studio Version 17
VisualStudioVersion = 17.0.31903.59
MinimumVisualStudioVersion = 10.0.40219.1
Project("{2150E333-8FDC-42A3-9474-1A3956D46DE8}") = "src", "src", "{BA1F98C3-3183-4AFF-9C7D-FDE8C007828E}"
EndProject
Project("{2150E333-8FDC-42A3-9474-1A3956D46DE8}") = "deployment", "deployment", "{1FB91947-A7F0-43B8-AD2E-326F0A088714}"
EndProject
Project("{2150E333-8FDC-42A3-9474-1A3956D46DE8}") = "tests", "tests", "{62C9EED7-64C6-412E-9AE4-83BF17405A3F}"
EndProject
Project("{2150E333-8FDC-42A3-9474-1A3956D46DE8}") = "Admin", "Admin", "{B195FD28-8F09-41E3-80B2-00B162BD7F0F}"
EndProject
Project("{2150E333-8FDC-42A3-9474-1A3956D46DE8}") = "User", "User", "{CFEC36AC-7C06-4C87-B752-4FC5127FF8EE}"
EndProject
Project("{2150E333-8FDC-42A3-9474-1A3956D46DE8}") = "News", "News", "{43928226-D1C8-4365-B892-654033F3B9C0}"
EndProject
Project("{2150E333-8FDC-42A3-9474-1A3956D46DE8}") = "Portfolio", "Portfolio", "{52F04F45-76DC-4647-AEB6-1C9828B2D4B5}"
EndProject
Project("{2150E333-8FDC-42A3-9474-1A3956D46DE8}") = "Question", "Question", "{F862D18E-8A89-4D04-96BB-5D93A3A1CB4A}"
EndProject
Project("{2150E333-8FDC-42A3-9474-1A3956D46DE8}") = "Projects", "Projects", "{057504FF-0ED9-4173-8E04-581A0581E22E}"
EndProject
Project("{FAE04EC0-301F-11D3-BF4B-00C04F79EFBC}") = "News.API", "src\Admin\News\News.API\News.API.csproj", "{E513CBE9-E644-4673-8529-58DAC29F7A91}"
EndProject
Project("{FAE04EC0-301F-11D3-BF4B-00C04F79EFBC}") = "News.Domain", "src\Admin\News\News.Domain\News.Domain.csproj", "{7BF34A0A-1520-452D-8C90-FFA9ECB9709A}"
EndProject
Project("{FAE04EC0-301F-11D3-BF4B-00C04F79EFBC}") = "News.Application", "src\Admin\News\News.Application\News.Application.csproj", "{F38FFE88-F8BC-469D-ACA0-08BB65BD9D13}"
EndProject
Project("{FAE04EC0-301F-11D3-BF4B-00C04F79EFBC}") = "News.Infrastructure", "src\Admin\News\News.Infrastructure\News.Infrastructure.csproj", "{7F9482A1-3A03-421A-864F-299A5CC685B3}"
EndProject
Project("{FAE04EC0-301F-11D3-BF4B-00C04F79EFBC}") = "Portfolio.API", "src\Admin\Portfolio\Portfolio.API\Portfolio.API.csproj", "{FE39A863-F43C-41C6-9136-87E01A6873DC}"
EndProject
Project("{FAE04EC0-301F-11D3-BF4B-00C04F79EFBC}") = "Portfolio.Domain", "src\Admin\Portfolio\Portfolio.Domain\Portfolio.Domain.csproj", "{99CD7CA4-B5E4-4E7D-A634-60ED2F998A29}"
EndProject
Project("{FAE04EC0-301F-11D3-BF4B-00C04F79EFBC}") = "Portfolio.Application", "src\Admin\Portfolio\Portfolio.Application\Portfolio.Application.csproj", "{72836E54-E3E4-4A13-BD21-85CA4FB97284}"
EndProject
Project("{FAE04EC0-301F-11D3-BF4B-00C04F79EFBC}") = "Portfolio.Infrastructure", "src\Admin\Portfolio\Portfolio.Infrastructure\Portfolio.Infrastructure.csproj", "{8499926E-C186-449E-B115-A0415561481F}"
EndProject
Project("{FAE04EC0-301F-11D3-BF4B-00C04F79EFBC}") = "Projects.API", "src\Admin\Projects\Projects.API\Projects.API.csproj", "{58707092-A114-4016-9BF7-C1568AC0B5FB}"
EndProject
Project("{FAE04EC0-301F-11D3-BF4B-00C04F79EFBC}") = "Projects.Domain", "src\Admin\Projects\Projects.Domain\Projects.Domain.csproj", "{D6D4408A-45F9-4850-B964-8115FB35C376}"
EndProject
Project("{FAE04EC0-301F-11D3-BF4B-00C04F79EFBC}") = "Projects.Application", "src\Admin\Projects\Projects.Application\Projects.Application.csproj", "{326AD776-4A25-4C86-8719-19B3007A8087}"
EndProject
Project("{FAE04EC0-301F-11D3-BF4B-00C04F79EFBC}") = "Projects.Infrastructure", "src\Admin\Projects\Projects.Infrastructure\Projects.Infrastructure.csproj", "{BBABA0F5-D8F8-425D-811E-3372093EFE3B}"
EndProject
Project("{2150E333-8FDC-42A3-9474-1A3956D46DE8}") = "Dealers", "Dealers", "{2535FE2A-E7D9-45B5-B641-C62A6846AF05}"
EndProject
Project("{2150E333-8FDC-42A3-9474-1A3956D46DE8}") = "Services", "Services", "{1BB76166-0397-401D-A368-49C35A08949B}"
EndProject
Project("{FAE04EC0-301F-11D3-BF4B-00C04F79EFBC}") = "Dealers.API", "src\Admin\Dealers\Dealers.API\Dealers.API.csproj", "{AEA69A10-B6CD-424C-BD3D-56255BC74F99}"
EndProject
Project("{FAE04EC0-301F-11D3-BF4B-00C04F79EFBC}") = "Dealers.Domain", "src\Admin\Dealers\Dealers.Domain\Dealers.Domain.csproj", "{CD458F4A-A495-43CB-B811-838B38E7CA1B}"
EndProject
Project("{FAE04EC0-301F-11D3-BF4B-00C04F79EFBC}") = "Dealers.Application", "src\Admin\Dealers\Dealers.Application\Dealers.Application.csproj", "{5C7CA68F-24D2-4851-9E18-CBE5AA58FB54}"
EndProject
Project("{FAE04EC0-301F-11D3-BF4B-00C04F79EFBC}") = "Dealers.Infrastructure", "src\Admin\Dealers\Dealers.Infrastructure\Dealers.Infrastructure.csproj", "{97AF08AD-FD43-4320-A3A8-A763ACFE6DAA}"
EndProject
Project("{FAE04EC0-301F-11D3-BF4B-00C04F79EFBC}") = "Services.API", "src\Admin\Services\Services.API\Services.API.csproj", "{64617533-B0FB-4AE8-A78F-A2BE0130D196}"
EndProject
Project("{FAE04EC0-301F-11D3-BF4B-00C04F79EFBC}") = "Services.Domain", "src\Admin\Services\Services.Domain\Services.Domain.csproj", "{1E9FE535-B3C9-470A-885C-C5512581A590}"
EndProject
Project("{FAE04EC0-301F-11D3-BF4B-00C04F79EFBC}") = "Services.Application", "src\Admin\Services\Services.Application\Services.Application.csproj", "{E2530649-7020-41FC-AB7D-28FB86127C36}"
EndProject
Project("{FAE04EC0-301F-11D3-BF4B-00C04F79EFBC}") = "Services.Infrastructure", "src\Admin\Services\Services.Infrastructure\Services.Infrastructure.csproj", "{6B3A420D-55EB-4479-8D89-DC1D9D2EF9CB}"
EndProject
Global
	GlobalSection(SolutionConfigurationPlatforms) = preSolution
		Debug|Any CPU = Debug|Any CPU
		Release|Any CPU = Release|Any CPU
	EndGlobalSection
	GlobalSection(ProjectConfigurationPlatforms) = postSolution
		{E513CBE9-E644-4673-8529-58DAC29F7A91}.Debug|Any CPU.ActiveCfg = Debug|Any CPU
		{E513CBE9-E644-4673-8529-58DAC29F7A91}.Debug|Any CPU.Build.0 = Debug|Any CPU
		{E513CBE9-E644-4673-8529-58DAC29F7A91}.Release|Any CPU.ActiveCfg = Release|Any CPU
		{E513CBE9-E644-4673-8529-58DAC29F7A91}.Release|Any CPU.Build.0 = Release|Any CPU
		{7BF34A0A-1520-452D-8C90-FFA9ECB9709A}.Debug|Any CPU.ActiveCfg = Debug|Any CPU
		{7BF34A0A-1520-452D-8C90-FFA9ECB9709A}.Debug|Any CPU.Build.0 = Debug|Any CPU
		{7BF34A0A-1520-452D-8C90-FFA9ECB9709A}.Release|Any CPU.ActiveCfg = Release|Any CPU
		{7BF34A0A-1520-452D-8C90-FFA9ECB9709A}.Release|Any CPU.Build.0 = Release|Any CPU
		{F38FFE88-F8BC-469D-ACA0-08BB65BD9D13}.Debug|Any CPU.ActiveCfg = Debug|Any CPU
		{F38FFE88-F8BC-469D-ACA0-08BB65BD9D13}.Debug|Any CPU.Build.0 = Debug|Any CPU
		{F38FFE88-F8BC-469D-ACA0-08BB65BD9D13}.Release|Any CPU.ActiveCfg = Release|Any CPU
		{F38FFE88-F8BC-469D-ACA0-08BB65BD9D13}.Release|Any CPU.Build.0 = Release|Any CPU
		{7F9482A1-3A03-421A-864F-299A5CC685B3}.Debug|Any CPU.ActiveCfg = Debug|Any CPU
		{7F9482A1-3A03-421A-864F-299A5CC685B3}.Debug|Any CPU.Build.0 = Debug|Any CPU
		{7F9482A1-3A03-421A-864F-299A5CC685B3}.Release|Any CPU.ActiveCfg = Release|Any CPU
		{7F9482A1-3A03-421A-864F-299A5CC685B3}.Release|Any CPU.Build.0 = Release|Any CPU
		{FE39A863-F43C-41C6-9136-87E01A6873DC}.Debug|Any CPU.ActiveCfg = Debug|Any CPU
		{FE39A863-F43C-41C6-9136-87E01A6873DC}.Debug|Any CPU.Build.0 = Debug|Any CPU
		{FE39A863-F43C-41C6-9136-87E01A6873DC}.Release|Any CPU.ActiveCfg = Release|Any CPU
		{FE39A863-F43C-41C6-9136-87E01A6873DC}.Release|Any CPU.Build.0 = Release|Any CPU
		{99CD7CA4-B5E4-4E7D-A634-60ED2F998A29}.Debug|Any CPU.ActiveCfg = Debug|Any CPU
		{99CD7CA4-B5E4-4E7D-A634-60ED2F998A29}.Debug|Any CPU.Build.0 = Debug|Any CPU
		{99CD7CA4-B5E4-4E7D-A634-60ED2F998A29}.Release|Any CPU.ActiveCfg = Release|Any CPU
		{99CD7CA4-B5E4-4E7D-A634-60ED2F998A29}.Release|Any CPU.Build.0 = Release|Any CPU
		{72836E54-E3E4-4A13-BD21-85CA4FB97284}.Debug|Any CPU.ActiveCfg = Debug|Any CPU
		{72836E54-E3E4-4A13-BD21-85CA4FB97284}.Debug|Any CPU.Build.0 = Debug|Any CPU
		{72836E54-E3E4-4A13-BD21-85CA4FB97284}.Release|Any CPU.ActiveCfg = Release|Any CPU
		{72836E54-E3E4-4A13-BD21-85CA4FB97284}.Release|Any CPU.Build.0 = Release|Any CPU
		{8499926E-C186-449E-B115-A0415561481F}.Debug|Any CPU.ActiveCfg = Debug|Any CPU
		{8499926E-C186-449E-B115-A0415561481F}.Debug|Any CPU.Build.0 = Debug|Any CPU
		{8499926E-C186-449E-B115-A0415561481F}.Release|Any CPU.ActiveCfg = Release|Any CPU
		{8499926E-C186-449E-B115-A0415561481F}.Release|Any CPU.Build.0 = Release|Any CPU
		{58707092-A114-4016-9BF7-C1568AC0B5FB}.Debug|Any CPU.ActiveCfg = Debug|Any CPU
		{58707092-A114-4016-9BF7-C1568AC0B5FB}.Debug|Any CPU.Build.0 = Debug|Any CPU
		{58707092-A114-4016-9BF7-C1568AC0B5FB}.Release|Any CPU.ActiveCfg = Release|Any CPU
		{58707092-A114-4016-9BF7-C1568AC0B5FB}.Release|Any CPU.Build.0 = Release|Any CPU
		{D6D4408A-45F9-4850-B964-8115FB35C376}.Debug|Any CPU.ActiveCfg = Debug|Any CPU
		{D6D4408A-45F9-4850-B964-8115FB35C376}.Debug|Any CPU.Build.0 = Debug|Any CPU
		{D6D4408A-45F9-4850-B964-8115FB35C376}.Release|Any CPU.ActiveCfg = Release|Any CPU
		{D6D4408A-45F9-4850-B964-8115FB35C376}.Release|Any CPU.Build.0 = Release|Any CPU
		{326AD776-4A25-4C86-8719-19B3007A8087}.Debug|Any CPU.ActiveCfg = Debug|Any CPU
		{326AD776-4A25-4C86-8719-19B3007A8087}.Debug|Any CPU.Build.0 = Debug|Any CPU
		{326AD776-4A25-4C86-8719-19B3007A8087}.Release|Any CPU.ActiveCfg = Release|Any CPU
		{326AD776-4A25-4C86-8719-19B3007A8087}.Release|Any CPU.Build.0 = Release|Any CPU
		{BBABA0F5-D8F8-425D-811E-3372093EFE3B}.Debug|Any CPU.ActiveCfg = Debug|Any CPU
		{BBABA0F5-D8F8-425D-811E-3372093EFE3B}.Debug|Any CPU.Build.0 = Debug|Any CPU
		{BBABA0F5-D8F8-425D-811E-3372093EFE3B}.Release|Any CPU.ActiveCfg = Release|Any CPU
		{BBABA0F5-D8F8-425D-811E-3372093EFE3B}.Release|Any CPU.Build.0 = Release|Any CPU
		{AEA69A10-B6CD-424C-BD3D-56255BC74F99}.Debug|Any CPU.ActiveCfg = Debug|Any CPU
		{AEA69A10-B6CD-424C-BD3D-56255BC74F99}.Debug|Any CPU.Build.0 = Debug|Any CPU
		{AEA69A10-B6CD-424C-BD3D-56255BC74F99}.Release|Any CPU.ActiveCfg = Release|Any CPU
		{AEA69A10-B6CD-424C-BD3D-56255BC74F99}.Release|Any CPU.Build.0 = Release|Any CPU
		{CD458F4A-A495-43CB-B811-838B38E7CA1B}.Debug|Any CPU.ActiveCfg = Debug|Any CPU
		{CD458F4A-A495-43CB-B811-838B38E7CA1B}.Debug|Any CPU.Build.0 = Debug|Any CPU
		{CD458F4A-A495-43CB-B811-838B38E7CA1B}.Release|Any CPU.ActiveCfg = Release|Any CPU
		{CD458F4A-A495-43CB-B811-838B38E7CA1B}.Release|Any CPU.Build.0 = Release|Any CPU
		{5C7CA68F-24D2-4851-9E18-CBE5AA58FB54}.Debug|Any CPU.ActiveCfg = Debug|Any CPU
		{5C7CA68F-24D2-4851-9E18-CBE5AA58FB54}.Debug|Any CPU.Build.0 = Debug|Any CPU
		{5C7CA68F-24D2-4851-9E18-CBE5AA58FB54}.Release|Any CPU.ActiveCfg = Release|Any CPU
		{5C7CA68F-24D2-4851-9E18-CBE5AA58FB54}.Release|Any CPU.Build.0 = Release|Any CPU
		{97AF08AD-FD43-4320-A3A8-A763ACFE6DAA}.Debug|Any CPU.ActiveCfg = Debug|Any CPU
		{97AF08AD-FD43-4320-A3A8-A763ACFE6DAA}.Debug|Any CPU.Build.0 = Debug|Any CPU
		{97AF08AD-FD43-4320-A3A8-A763ACFE6DAA}.Release|Any CPU.ActiveCfg = Release|Any CPU
		{97AF08AD-FD43-4320-A3A8-A763ACFE6DAA}.Release|Any CPU.Build.0 = Release|Any CPU
		{64617533-B0FB-4AE8-A78F-A2BE0130D196}.Debug|Any CPU.ActiveCfg = Debug|Any CPU
		{64617533-B0FB-4AE8-A78F-A2BE0130D196}.Debug|Any CPU.Build.0 = Debug|Any CPU
		{64617533-B0FB-4AE8-A78F-A2BE0130D196}.Release|Any CPU.ActiveCfg = Release|Any CPU
		{64617533-B0FB-4AE8-A78F-A2BE0130D196}.Release|Any CPU.Build.0 = Release|Any CPU
		{1E9FE535-B3C9-470A-885C-C5512581A590}.Debug|Any CPU.ActiveCfg = Debug|Any CPU
		{1E9FE535-B3C9-470A-885C-C5512581A590}.Debug|Any CPU.Build.0 = Debug|Any CPU
		{1E9FE535-B3C9-470A-885C-C5512581A590}.Release|Any CPU.ActiveCfg = Release|Any CPU
		{1E9FE535-B3C9-470A-885C-C5512581A590}.Release|Any CPU.Build.0 = Release|Any CPU
		{E2530649-7020-41FC-AB7D-28FB86127C36}.Debug|Any CPU.ActiveCfg = Debug|Any CPU
		{E2530649-7020-41FC-AB7D-28FB86127C36}.Debug|Any CPU.Build.0 = Debug|Any CPU
		{E2530649-7020-41FC-AB7D-28FB86127C36}.Release|Any CPU.ActiveCfg = Release|Any CPU
		{E2530649-7020-41FC-AB7D-28FB86127C36}.Release|Any CPU.Build.0 = Release|Any CPU
		{6B3A420D-55EB-4479-8D89-DC1D9D2EF9CB}.Debug|Any CPU.ActiveCfg = Debug|Any CPU
		{6B3A420D-55EB-4479-8D89-DC1D9D2EF9CB}.Debug|Any CPU.Build.0 = Debug|Any CPU
		{6B3A420D-55EB-4479-8D89-DC1D9D2EF9CB}.Release|Any CPU.ActiveCfg = Release|Any CPU
		{6B3A420D-55EB-4479-8D89-DC1D9D2EF9CB}.Release|Any CPU.Build.0 = Release|Any CPU
	EndGlobalSection
	GlobalSection(SolutionProperties) = preSolution
		HideSolutionNode = FALSE
	EndGlobalSection
	GlobalSection(NestedProjects) = preSolution
		{B195FD28-8F09-41E3-80B2-00B162BD7F0F} = {BA1F98C3-3183-4AFF-9C7D-FDE8C007828E}
		{CFEC36AC-7C06-4C87-B752-4FC5127FF8EE} = {BA1F98C3-3183-4AFF-9C7D-FDE8C007828E}
		{43928226-D1C8-4365-B892-654033F3B9C0} = {B195FD28-8F09-41E3-80B2-00B162BD7F0F}
		{52F04F45-76DC-4647-AEB6-1C9828B2D4B5} = {B195FD28-8F09-41E3-80B2-00B162BD7F0F}
		{F862D18E-8A89-4D04-96BB-5D93A3A1CB4A} = {CFEC36AC-7C06-4C87-B752-4FC5127FF8EE}
		{057504FF-0ED9-4173-8E04-581A0581E22E} = {B195FD28-8F09-41E3-80B2-00B162BD7F0F}
		{E513CBE9-E644-4673-8529-58DAC29F7A91} = {43928226-D1C8-4365-B892-654033F3B9C0}
		{7BF34A0A-1520-452D-8C90-FFA9ECB9709A} = {43928226-D1C8-4365-B892-654033F3B9C0}
		{F38FFE88-F8BC-469D-ACA0-08BB65BD9D13} = {43928226-D1C8-4365-B892-654033F3B9C0}
		{7F9482A1-3A03-421A-864F-299A5CC685B3} = {43928226-D1C8-4365-B892-654033F3B9C0}
		{FE39A863-F43C-41C6-9136-87E01A6873DC} = {52F04F45-76DC-4647-AEB6-1C9828B2D4B5}
		{99CD7CA4-B5E4-4E7D-A634-60ED2F998A29} = {52F04F45-76DC-4647-AEB6-1C9828B2D4B5}
		{72836E54-E3E4-4A13-BD21-85CA4FB97284} = {52F04F45-76DC-4647-AEB6-1C9828B2D4B5}
		{8499926E-C186-449E-B115-A0415561481F} = {52F04F45-76DC-4647-AEB6-1C9828B2D4B5}
		{58707092-A114-4016-9BF7-C1568AC0B5FB} = {057504FF-0ED9-4173-8E04-581A0581E22E}
		{D6D4408A-45F9-4850-B964-8115FB35C376} = {057504FF-0ED9-4173-8E04-581A0581E22E}
		{326AD776-4A25-4C86-8719-19B3007A8087} = {057504FF-0ED9-4173-8E04-581A0581E22E}
		{BBABA0F5-D8F8-425D-811E-3372093EFE3B} = {057504FF-0ED9-4173-8E04-581A0581E22E}
		{2535FE2A-E7D9-45B5-B641-C62A6846AF05} = {B195FD28-8F09-41E3-80B2-00B162BD7F0F}
		{1BB76166-0397-401D-A368-49C35A08949B} = {B195FD28-8F09-41E3-80B2-00B162BD7F0F}
		{AEA69A10-B6CD-424C-BD3D-56255BC74F99} = {2535FE2A-E7D9-45B5-B641-C62A6846AF05}
		{CD458F4A-A495-43CB-B811-838B38E7CA1B} = {2535FE2A-E7D9-45B5-B641-C62A6846AF05}
		{5C7CA68F-24D2-4851-9E18-CBE5AA58FB54} = {2535FE2A-E7D9-45B5-B641-C62A6846AF05}
		{97AF08AD-FD43-4320-A3A8-A763ACFE6DAA} = {2535FE2A-E7D9-45B5-B641-C62A6846AF05}
		{64617533-B0FB-4AE8-A78F-A2BE0130D196} = {1BB76166-0397-401D-A368-49C35A08949B}
		{1E9FE535-B3C9-470A-885C-C5512581A590} = {1BB76166-0397-401D-A368-49C35A08949B}
		{E2530649-7020-41FC-AB7D-28FB86127C36} = {1BB76166-0397-401D-A368-49C35A08949B}
		{6B3A420D-55EB-4479-8D89-DC1D9D2EF9CB} = {1BB76166-0397-401D-A368-49C35A08949B}
	EndGlobalSection
	GlobalSection(ExtensibilityGlobals) = postSolution
		SolutionGuid = {727C526B-8C13-4EA2-92B7-A950CCFAE8F1}
	EndGlobalSection
EndGlobal
